
Microsoft Visual Studio Solution File, Format Version 12.00
# Visual Studio Version 16
VisualStudioVersion = 16.0.31624.102
MinimumVisualStudioVersion = 10.0.40219.1
Project("{FAE04EC0-301F-11D3-BF4B-00C04F79EFBC}") = "methods 2", "methods 2.csproj", "{F8E89E26-6E76-4CC3-B0C0-0704DAC0B0FA}"
EndProject
Global
	GlobalSection(SolutionConfigurationPlatforms) = preSolution
		Debug|Any CPU = Debug|Any CPU
		Release|Any CPU = Release|Any CPU
	EndGlobalSection
	GlobalSection(ProjectConfigurationPlatforms) = postSolution
		{F8E89E26-6E76-4CC3-B0C0-0704DAC0B0FA}.Debug|Any CPU.ActiveCfg = Debug|Any CPU
		{F8E89E26-6E76-4CC3-B0C0-0704DAC0B0FA}.Debug|Any CPU.Build.0 = Debug|Any CPU
		{F8E89E26-6E76-4CC3-B0C0-0704DAC0B0FA}.Release|Any CPU.ActiveCfg = Release|Any CPU
		{F8E89E26-6E76-4CC3-B0C0-0704DAC0B0FA}.Release|Any CPU.Build.0 = Release|Any CPU
	EndGlobalSection
	GlobalSection(SolutionProperties) = preSolution
		HideSolutionNode = FALSE
	EndGlobalSection
	GlobalSection(ExtensibilityGlobals) = postSolution
		SolutionGuid = {A0D0C2DC-E06A-4359-A229-3D2227FCDE72}
	EndGlobalSection
EndGlobal
